Microsoft Visual Studio Solution File, Format Version 12.00
# Visual Studio Version 16
VisualStudioVersion = 16.0.30128.74
MinimumVisualStudioVersion = 10.0.40219.1
Project("{9A19103F-16F7-4668-BE54-9A1E7A4F7556}") = "FullStackDevExercise", "FullStackDevExercise.csproj", "{542ECDF8-1D80-4EA5-84E9-B05C258B9F05}"
EndProject
Project("{9A19103F-16F7-4668-BE54-9A1E7A4F7556}") = "FullStackDevExercise.Services", "..\FullStackDevExercise.BLL\FullStackDevExercise.Services.csproj", "{E8050F7E-BA0F-4F48-BDCF-231387105934}"
EndProject
Project("{9A19103F-16F7-4668-BE54-9A1E7A4F7556}") = "FullStackDevExercise.Data", "..\FullStackDevExercise.Data\FullStackDevExercise.Data.csproj", "{39E37EC6-483C-499E-8B83-43487F249393}"
EndProject
Global
	GlobalSection(SolutionConfigurationPlatforms) = preSolution
		Debug|Any CPU = Debug|Any CPU
		Release|Any CPU = Release|Any CPU
	EndGlobalSection
	GlobalSection(ProjectConfigurationPlatforms) = postSolution
		{542ECDF8-1D80-4EA5-84E9-B05C258B9F05}.Debug|Any CPU.ActiveCfg = Debug|Any CPU
		{542ECDF8-1D80-4EA5-84E9-B05C258B9F05}.Debug|Any CPU.Build.0 = Debug|Any CPU
		{542ECDF8-1D80-4EA5-84E9-B05C258B9F05}.Release|Any CPU.ActiveCfg = Release|Any CPU
		{542ECDF8-1D80-4EA5-84E9-B05C258B9F05}.Release|Any CPU.Build.0 = Release|Any CPU
		{E8050F7E-BA0F-4F48-BDCF-231387105934}.Debug|Any CPU.ActiveCfg = Debug|Any CPU
		{E8050F7E-BA0F-4F48-BDCF-231387105934}.Debug|Any CPU.Build.0 = Debug|Any CPU
		{E8050F7E-BA0F-4F48-BDCF-231387105934}.Release|Any CPU.ActiveCfg = Release|Any CPU
		{E8050F7E-BA0F-4F48-BDCF-231387105934}.Release|Any CPU.Build.0 = Release|Any CPU
		{39E37EC6-483C-499E-8B83-43487F249393}.Debug|Any CPU.ActiveCfg = Debug|Any CPU
		{39E37EC6-483C-499E-8B83-43487F249393}.Debug|Any CPU.Build.0 = Debug|Any CPU
		{39E37EC6-483C-499E-8B83-43487F249393}.Release|Any CPU.ActiveCfg = Release|Any CPU
		{39E37EC6-483C-499E-8B83-43487F249393}.Release|Any CPU.Build.0 = Release|Any CPU
	EndGlobalSection
	GlobalSection(SolutionProperties) = preSolution
		HideSolutionNode = FALSE
	EndGlobalSection
	GlobalSection(ExtensibilityGlobals) = postSolution
		SolutionGuid = {0BB365D0-8F7C-4014-80A8-096143274ABD}
	EndGlobalSection
EndGlobal
